
Microsoft Visual Studio Solution File, Format Version 12.00
# Visual Studio Version 17
VisualStudioVersion = 17.0.31903.59
MinimumVisualStudioVersion = 10.0.40219.1
Project("{FAE04EC0-301F-11D3-BF4B-00C04F79EFBC}") = "Compare21.11", "Compare21.11\Compare21.11.csproj", "{0CF5D63D-1668-4515-8EBB-2A89AE869A71}"
EndProject
Global
	GlobalSection(SolutionConfigurationPlatforms) = preSolution
		Debug|Any CPU = Debug|Any CPU
		Release|Any CPU = Release|Any CPU
	EndGlobalSection
	GlobalSection(ProjectConfigurationPlatforms) = postSolution
		{0CF5D63D-1668-4515-8EBB-2A89AE869A71}.Debug|Any CPU.ActiveCfg = Debug|Any CPU
		{0CF5D63D-1668-4515-8EBB-2A89AE869A71}.Debug|Any CPU.Build.0 = Debug|Any CPU
		{0CF5D63D-1668-4515-8EBB-2A89AE869A71}.Release|Any CPU.ActiveCfg = Release|Any CPU
		{0CF5D63D-1668-4515-8EBB-2A89AE869A71}.Release|Any CPU.Build.0 = Release|Any CPU
	EndGlobalSection
	GlobalSection(SolutionProperties) = preSolution
		HideSolutionNode = FALSE
	EndGlobalSection
	GlobalSection(ExtensibilityGlobals) = postSolution
		SolutionGuid = {6EDCB631-A511-4554-BAD2-CC2BC4E637ED}
	EndGlobalSection
EndGlobal
